
Microsoft Visual Studio Solution File, Format Version 12.00
# Visual Studio Version 16
VisualStudioVersion = 16.0.29123.88
MinimumVisualStudioVersion = 10.0.40219.1
Project("{FAE04EC0-301F-11D3-BF4B-00C04F79EFBC}") = "FIT5032_Week03", "FIT5032_Week03\FIT5032_Week03.csproj", "{318CEA65-94B7-49A2-BF34-DD04E87A8229}"
EndProject
Global
	GlobalSection(SolutionConfigurationPlatforms) = preSolution
		Debug|Any CPU = Debug|Any CPU
		Release|Any CPU = Release|Any CPU
	EndGlobalSection
	GlobalSection(ProjectConfigurationPlatforms) = postSolution
		{318CEA65-94B7-49A2-BF34-DD04E87A8229}.Debug|Any CPU.ActiveCfg = Debug|Any CPU
		{318CEA65-94B7-49A2-BF34-DD04E87A8229}.Debug|Any CPU.Build.0 = Debug|Any CPU
		{318CEA65-94B7-49A2-BF34-DD04E87A8229}.Release|Any CPU.ActiveCfg = Release|Any CPU
		{318CEA65-94B7-49A2-BF34-DD04E87A8229}.Release|Any CPU.Build.0 = Release|Any CPU
	EndGlobalSection
	GlobalSection(SolutionProperties) = preSolution
		HideSolutionNode = FALSE
	EndGlobalSection
	GlobalSection(ExtensibilityGlobals) = postSolution
		SolutionGuid = {0380C0EF-CCC8-4060-82CA-43347AE41B96}
	EndGlobalSection
EndGlobal
